# This file was autogenerated by uv via the following command:
#    uv pip compile requirements.txt -o uv.lock
agent-detector==1.1.0
    # via
    #   -r requirements.txt
    #   fastapi-cloud-cli
altair==6.2.2
    # via
    #   -r requirements.txt
    #   streamlit
annotated-doc==0.0.5
    # via
    #   -r requirements.txt
    #   fastapi
    #   typer
annotated-types==0.8.0
    # via
    #   -r requirements.txt
    #   pydantic
anyio==4.14.2
    # via
    #   -r requirements.txt
    #   google-genai
    #   httpx
    #   starlette
    #   streamlit
    #   watchfiles
attrs==26.1.0
    # via
    #   -r requirements.txt
    #   jsonschema
    #   referencing
blinker==1.9.0
    # via
    #   -r requirements.txt
    #   streamlit
certifi==2026.7.22
    # via
    #   -r requirements.txt
    #   httpcore
    #   httpx
    #   requests
    #   sentry-sdk
cffi==2.1.1
    # via
    #   -r requirements.txt
    #   cryptography
charset-normalizer==3.5.1
    # via
    #   -r requirements.txt
    #   requests
click==8.4.2
    # via
    #   -r requirements.txt
    #   rich-toolkit
    #   streamlit
    #   uvicorn
colorama==0.4.6
    # via
    #   -r requirements.txt
    #   click
    #   typer
cryptography==50.0.0
    # via
    #   -r requirements.txt
    #   google-auth
detect-installer==0.1.0
    # via
    #   -r requirements.txt
    #   fastapi-cloud-cli
distro==1.9.0
    # via
    #   -r requirements.txt
    #   google-genai
dnspython==2.8.0
    # via
    #   -r requirements.txt
    #   email-validator
dotenv==0.9.9
    # via -r requirements.txt
email-validator==2.3.0
    # via
    #   -r requirements.txt
    #   pydantic
fastapi==0.141.1
    # via -r requirements.txt
fastapi-cli==0.0.32
    # via -r requirements.txt
fastapi-cloud-cli==0.24.0
    # via -r requirements.txt
fastar==0.12.0
    # via
    #   -r requirements.txt
    #   fastapi-cloud-cli
git-filter-repo==2.47.0
    # via -r requirements.txt
google-auth==2.56.3
    # via
    #   -r requirements.txt
    #   google-genai
google-genai==2.18.1
    # via -r requirements.txt
h11==0.16.0
    # via
    #   -r requirements.txt
    #   httpcore
    #   uvicorn
httpcore==1.0.9
    # via
    #   -r requirements.txt
    #   httpx
httptools==0.8.0
    # via
    #   -r requirements.txt
    #   streamlit
    #   uvicorn
httpx==0.28.1
    # via
    #   -r requirements.txt
    #   fastapi-cloud-cli
    #   google-genai
idna==3.19
    # via
    #   -r requirements.txt
    #   anyio
    #   email-validator
    #   httpx
    #   requests
itsdangerous==2.2.0
    # via
    #   -r requirements.txt
    #   streamlit
jinja2==3.1.6
    # via
    #   -r requirements.txt
    #   altair
    #   pydeck
jsonschema==4.26.0
    # via
    #   -r requirements.txt
    #   altair
jsonschema-specifications==2025.9.1
    # via
    #   -r requirements.txt
    #   jsonschema
markdown-it-py==4.2.0
    # via
    #   -r requirements.txt
    #   rich
markupsafe==3.0.3
    # via
    #   -r requirements.txt
    #   jinja2
mdurl==0.1.2
    # via
    #   -r requirements.txt
    #   markdown-it-py
narwhals==2.24.0
    # via
    #   -r requirements.txt
    #   altair
numpy==2.5.2
    # via
    #   -r requirements.txt
    #   pandas
    #   pydeck
    #   streamlit
packaging==26.3
    # via
    #   -r requirements.txt
    #   altair
    #   streamlit
pandas==3.0.5
    # via
    #   -r requirements.txt
    #   streamlit
pillow==12.3.0
    # via
    #   -r requirements.txt
    #   streamlit
protobuf==7.35.1
    # via
    #   -r requirements.txt
    #   streamlit
pyarrow==24.0.0
    # via
    #   -r requirements.txt
    #   streamlit
pyasn1==0.6.4
    # via
    #   -r requirements.txt
    #   pyasn1-modules
pyasn1-modules==0.4.2
    # via
    #   -r requirements.txt
    #   google-auth
pycparser==3.0
    # via
    #   -r requirements.txt
    #   cffi
pydantic==2.13.4
    # via
    #   -r requirements.txt
    #   fastapi
    #   fastapi-cloud-cli
    #   google-genai
    #   pydantic-extra-types
    #   pydantic-settings
pydantic-core==2.46.4
    # via
    #   -r requirements.txt
    #   pydantic
pydantic-extra-types==2.11.1
    # via -r requirements.txt
pydantic-settings==2.15.0
    # via -r requirements.txt
pydeck==0.9.3
    # via
    #   -r requirements.txt
    #   streamlit
pygments==2.21.0
    # via
    #   -r requirements.txt
    #   rich
python-dateutil==2.9.0.post0
    # via
    #   -r requirements.txt
    #   pandas
python-dotenv==1.2.3
    # via
    #   -r requirements.txt
    #   dotenv
    #   pydantic-settings
    #   uvicorn
python-multipart==0.0.32
    # via
    #   -r requirements.txt
    #   streamlit
pyyaml==6.0.3
    # via
    #   -r requirements.txt
    #   uvicorn
referencing==0.37.0
    # via
    #   -r requirements.txt
    #   jsonschema
    #   jsonschema-specifications
requests==2.34.2
    # via
    #   -r requirements.txt
    #   google-auth
    #   google-genai
    #   streamlit
rich==15.0.0
    # via
    #   -r requirements.txt
    #   rich-toolkit
    #   typer
rich-toolkit==0.20.3
    # via
    #   -r requirements.txt
    #   fastapi-cli
    #   fastapi-cloud-cli
rignore==0.8.1
    # via
    #   -r requirements.txt
    #   fastapi-cloud-cli
rpds-py==2026.6.3
    # via
    #   -r requirements.txt
    #   jsonschema
    #   referencing
sentry-sdk==2.68.1
    # via
    #   -r requirements.txt
    #   fastapi-cloud-cli
shellingham==1.5.4
    # via
    #   -r requirements.txt
    #   typer
six==1.17.0
    # via
    #   -r requirements.txt
    #   python-dateutil
sniffio==1.3.1
    # via
    #   -r requirements.txt
    #   google-genai
starlette==1.3.1
    # via
    #   -r requirements.txt
    #   fastapi
    #   streamlit
streamlit==1.61.1
    # via -r requirements.txt
tenacity==9.1.4
    # via
    #   -r requirements.txt
    #   google-genai
    #   streamlit
toml==0.10.2
    # via
    #   -r requirements.txt
    #   streamlit
typer==0.27.2
    # via
    #   -r requirements.txt
    #   fastapi-cli
    #   fastapi-cloud-cli
typing-extensions==4.16.0
    # via
    #   -r requirements.txt
    #   altair
    #   fastapi
    #   google-genai
    #   pydantic
    #   pydantic-core
    #   pydantic-extra-types
    #   rich-toolkit
    #   streamlit
    #   typing-inspection
typing-inspection==0.4.4
    # via
    #   -r requirements.txt
    #   fastapi
    #   pydantic
    #   pydantic-settings
tzdata==2026.3
    # via
    #   -r requirements.txt
    #   pandas
urllib3==2.7.0
    # via
    #   -r requirements.txt
    #   requests
    #   sentry-sdk
uv==0.12.7
    # via -r requirements.txt
uvicorn==0.52.3
    # via
    #   -r requirements.txt
    #   fastapi-cli
    #   fastapi-cloud-cli
    #   streamlit
watchdog==6.0.0
    # via
    #   -r requirements.txt
    #   streamlit
watchfiles==1.2.0
    # via
    #   -r requirements.txt
    #   uvicorn
websockets==16.1.1
    # via
    #   -r requirements.txt
    #   google-genai
    #   streamlit
    #   uvicorn
